
Microsoft Visual Studio Solution File, Format Version 12.00
# Visual Studio 15
VisualStudioVersion = 15.0.28010.2019
MinimumVisualStudioVersion = 10.0.40219.1
Project("{9A19103F-16F7-4668-BE54-9A1E7A4F7556}") = "IDS4.Client", "IDS4.Console\IDS4.Client.csproj", "{5DF69746-F8F4-48D3-8433-0926D8D57DC3}"
EndProject
Project("{9A19103F-16F7-4668-BE54-9A1E7A4F7556}") = "IDS4.AspIdentity", "IDS4.MCV.Identity\IDS4.AspIdentity.csproj", "{5D230238-58E5-4FD0-A07B-BBB71D026BED}"
EndProject
Project("{9A19103F-16F7-4668-BE54-9A1E7A4F7556}") = "IDS4.WebApi", "IDS4.TestApi\IDS4.WebApi.csproj", "{5544CEA5-9FDF-4AAB-9C17-129B17E03585}"
EndProject
Project("{FAE04EC0-301F-11D3-BF4B-00C04F79EFBC}") = "IDS4.Xamarin.Android", "IDS4.Xamarin.Android\IDS4.Xamarin.Android.csproj", "{18F7E80D-0BE9-4289-BB3A-E81BD8B5C8EB}"
EndProject
Project("{9A19103F-16F7-4668-BE54-9A1E7A4F7556}") = "IDS4", "IDS4\IDS4.csproj", "{123366EA-4160-43CB-9116-178BCB19EDCE}"
EndProject
Global
	GlobalSection(SolutionConfigurationPlatforms) = preSolution
		Debug|Any CPU = Debug|Any CPU
		Release|Any CPU = Release|Any CPU
	EndGlobalSection
	GlobalSection(ProjectConfigurationPlatforms) = postSolution
		{5DF69746-F8F4-48D3-8433-0926D8D57DC3}.Debug|Any CPU.ActiveCfg = Debug|Any CPU
		{5DF69746-F8F4-48D3-8433-0926D8D57DC3}.Debug|Any CPU.Build.0 = Debug|Any CPU
		{5DF69746-F8F4-48D3-8433-0926D8D57DC3}.Release|Any CPU.ActiveCfg = Release|Any CPU
		{5DF69746-F8F4-48D3-8433-0926D8D57DC3}.Release|Any CPU.Build.0 = Release|Any CPU
		{5D230238-58E5-4FD0-A07B-BBB71D026BED}.Debug|Any CPU.ActiveCfg = Debug|Any CPU
		{5D230238-58E5-4FD0-A07B-BBB71D026BED}.Debug|Any CPU.Build.0 = Debug|Any CPU
		{5D230238-58E5-4FD0-A07B-BBB71D026BED}.Release|Any CPU.ActiveCfg = Release|Any CPU
		{5D230238-58E5-4FD0-A07B-BBB71D026BED}.Release|Any CPU.Build.0 = Release|Any CPU
		{5544CEA5-9FDF-4AAB-9C17-129B17E03585}.Debug|Any CPU.ActiveCfg = Debug|Any CPU
		{5544CEA5-9FDF-4AAB-9C17-129B17E03585}.Debug|Any CPU.Build.0 = Debug|Any CPU
		{5544CEA5-9FDF-4AAB-9C17-129B17E03585}.Release|Any CPU.ActiveCfg = Release|Any CPU
		{5544CEA5-9FDF-4AAB-9C17-129B17E03585}.Release|Any CPU.Build.0 = Release|Any CPU
		{18F7E80D-0BE9-4289-BB3A-E81BD8B5C8EB}.Debug|Any CPU.ActiveCfg = Debug|Any CPU
		{18F7E80D-0BE9-4289-BB3A-E81BD8B5C8EB}.Debug|Any CPU.Build.0 = Debug|Any CPU
		{18F7E80D-0BE9-4289-BB3A-E81BD8B5C8EB}.Debug|Any CPU.Deploy.0 = Debug|Any CPU
		{18F7E80D-0BE9-4289-BB3A-E81BD8B5C8EB}.Release|Any CPU.ActiveCfg = Release|Any CPU
		{18F7E80D-0BE9-4289-BB3A-E81BD8B5C8EB}.Release|Any CPU.Build.0 = Release|Any CPU
		{18F7E80D-0BE9-4289-BB3A-E81BD8B5C8EB}.Release|Any CPU.Deploy.0 = Release|Any CPU
		{123366EA-4160-43CB-9116-178BCB19EDCE}.Debug|Any CPU.ActiveCfg = Debug|Any CPU
		{123366EA-4160-43CB-9116-178BCB19EDCE}.Debug|Any CPU.Build.0 = Debug|Any CPU
		{123366EA-4160-43CB-9116-178BCB19EDCE}.Release|Any CPU.ActiveCfg = Release|Any CPU
		{123366EA-4160-43CB-9116-178BCB19EDCE}.Release|Any CPU.Build.0 = Release|Any CPU
	EndGlobalSection
	GlobalSection(SolutionProperties) = preSolution
		HideSolutionNode = FALSE
	EndGlobalSection
	GlobalSection(ExtensibilityGlobals) = postSolution
		SolutionGuid = {8AF56B7D-F6B4-4F9D-A78C-7B03B99C9094}
	EndGlobalSection
EndGlobal
